// !$*UTF8*$!
{
	archiveVersion = 1;
	classes = {
	};
	objectVersion = 46;
	objects = {

/* Begin PBXBuildFile section */
		030B85F31C941A260071F48C /* mauthTests.swift in Sources */ = {isa = PBXBuildFile; fileRef = 030B85F21C941A260071F48C /* mauthTests.swift */; };
		0317D9581BBBE01500E6DE46 /* LogTableViewController.swift in Sources */ = {isa = PBXBuildFile; fileRef = 0317D9571BBBE01500E6DE46 /* LogTableViewController.swift */; };
		0317D95A1BBBE7C900E6DE46 /* LogViewerController.swift in Sources */ = {isa = PBXBuildFile; fileRef = 0317D9591BBBE7C900E6DE46 /* LogViewerController.swift */; };
		031DA7281C95A9410092FFBA /* LogManager.swift in Sources */ = {isa = PBXBuildFile; fileRef = 031DA7271C95A9410092FFBA /* LogManager.swift */; };
		032126FD1C19EFCC000D1DA0 /* GameplayKit.framework in Frameworks */ = {isa = PBXBuildFile; fileRef = 032126FC1C19EFCC000D1DA0 /* GameplayKit.framework */; };
		033F300A1C1A47D900EEDFB5 /* NeatViewController.swift in Sources */ = {isa = PBXBuildFile; fileRef = 033F30091C1A47D900EEDFB5 /* NeatViewController.swift */; };
		03581C851BAED21900D5D95F /* AppDelegate.swift in Sources */ = {isa = PBXBuildFile; fileRef = 03581C841BAED21900D5D95F /* AppDelegate.swift */; };
		03581C8A1BAED21900D5D95F /* Main.storyboard in Resources */ = {isa = PBXBuildFile; fileRef = 03581C881BAED21900D5D95F /* Main.storyboard */; };
		03581C8C1BAED21900D5D95F /* Assets.xcassets in Resources */ = {isa = PBXBuildFile; fileRef = 03581C8B1BAED21900D5D95F /* Assets.xcassets */; };
		03581C8F1BAED21900D5D95F /* LaunchScreen.storyboard in Resources */ = {isa = PBXBuildFile; fileRef = 03581C8D1BAED21900D5D95F /* LaunchScreen.storyboard */; };
		0368FBED1C7A221700B8EC01 /* CalendarCondition.swift in Sources */ = {isa = PBXBuildFile; fileRef = 0368FBCA1C7A221700B8EC01 /* CalendarCondition.swift */; };
		0368FBEE1C7A221700B8EC01 /* CloudCondition.swift in Sources */ = {isa = PBXBuildFile; fileRef = 0368FBCB1C7A221700B8EC01 /* CloudCondition.swift */; };
		0368FBF01C7A221700B8EC01 /* LocationCondition.swift in Sources */ = {isa = PBXBuildFile; fileRef = 0368FBCD1C7A221700B8EC01 /* LocationCondition.swift */; };
		0368FBF11C7A221700B8EC01 /* MutuallyExclusive.swift in Sources */ = {isa = PBXBuildFile; fileRef = 0368FBCE1C7A221700B8EC01 /* MutuallyExclusive.swift */; };
		0368FBF21C7A221700B8EC01 /* NegatedCondition.swift in Sources */ = {isa = PBXBuildFile; fileRef = 0368FBCF1C7A221700B8EC01 /* NegatedCondition.swift */; };
		0368FBF31C7A221700B8EC01 /* NoCancelledDependencies.swift in Sources */ = {isa = PBXBuildFile; fileRef = 0368FBD01C7A221700B8EC01 /* NoCancelledDependencies.swift */; };
		0368FBF41C7A221700B8EC01 /* OperationCondition.swift in Sources */ = {isa = PBXBuildFile; fileRef = 0368FBD11C7A221700B8EC01 /* OperationCondition.swift */; };
		0368FBF51C7A221700B8EC01 /* OperationErrors.swift in Sources */ = {isa = PBXBuildFile; fileRef = 0368FBD21C7A221700B8EC01 /* OperationErrors.swift */; };
		0368FBF61C7A221700B8EC01 /* PassbookCondition.swift in Sources */ = {isa = PBXBuildFile; fileRef = 0368FBD31C7A221700B8EC01 /* PassbookCondition.swift */; };
		0368FBF71C7A221700B8EC01 /* PhotosCondition.swift in Sources */ = {isa = PBXBuildFile; fileRef = 0368FBD41C7A221700B8EC01 /* PhotosCondition.swift */; };
		0368FBF81C7A221700B8EC01 /* ReachabilityCondition.swift in Sources */ = {isa = PBXBuildFile; fileRef = 0368FBD51C7A221700B8EC01 /* ReachabilityCondition.swift */; };
		0368FBF91C7A221700B8EC01 /* RemoteNotificationCondition.swift in Sources */ = {isa = PBXBuildFile; fileRef = 0368FBD61C7A221700B8EC01 /* RemoteNotificationCondition.swift */; };
		0368FBFA1C7A221700B8EC01 /* SilentCondition.swift in Sources */ = {isa = PBXBuildFile; fileRef = 0368FBD71C7A221700B8EC01 /* SilentCondition.swift */; };
		0368FBFB1C7A221700B8EC01 /* UserNotificationCondition.swift in Sources */ = {isa = PBXBuildFile; fileRef = 0368FBD81C7A221700B8EC01 /* UserNotificationCondition.swift */; };
		0368FBFC1C7A221700B8EC01 /* CKContainer+Operations.swift in Sources */ = {isa = PBXBuildFile; fileRef = 0368FBDA1C7A221700B8EC01 /* CKContainer+Operations.swift */; };
		0368FBFD1C7A221700B8EC01 /* Dictionary+Operations.swift in Sources */ = {isa = PBXBuildFile; fileRef = 0368FBDB1C7A221700B8EC01 /* Dictionary+Operations.swift */; };
		0368FBFE1C7A221700B8EC01 /* NSLock+Operations.swift in Sources */ = {isa = PBXBuildFile; fileRef = 0368FBDC1C7A221700B8EC01 /* NSLock+Operations.swift */; };
		0368FBFF1C7A221700B8EC01 /* NSOperation+Operations.swift in Sources */ = {isa = PBXBuildFile; fileRef = 0368FBDD1C7A221700B8EC01 /* NSOperation+Operations.swift */; };
		0368FC001C7A221700B8EC01 /* UIUserNotifications+Operations.swift in Sources */ = {isa = PBXBuildFile; fileRef = 0368FBDE1C7A221700B8EC01 /* UIUserNotifications+Operations.swift */; };
		0368FC011C7A221700B8EC01 /* BlockObserver.swift in Sources */ = {isa = PBXBuildFile; fileRef = 0368FBE01C7A221700B8EC01 /* BlockObserver.swift */; };
		0368FC021C7A221700B8EC01 /* OperationObserver.swift in Sources */ = {isa = PBXBuildFile; fileRef = 0368FBE11C7A221700B8EC01 /* OperationObserver.swift */; };
		0368FC031C7A221700B8EC01 /* TimeoutObserver.swift in Sources */ = {isa = PBXBuildFile; fileRef = 0368FBE21C7A221700B8EC01 /* TimeoutObserver.swift */; };
		0368FC041C7A221700B8EC01 /* ExclusivityController.swift in Sources */ = {isa = PBXBuildFile; fileRef = 0368FBE41C7A221700B8EC01 /* ExclusivityController.swift */; };
		0368FC051C7A221700B8EC01 /* OperationQueue.swift in Sources */ = {isa = PBXBuildFile; fileRef = 0368FBE51C7A221700B8EC01 /* OperationQueue.swift */; };
		0368FC061C7A221700B8EC01 /* BlockOperation.swift in Sources */ = {isa = PBXBuildFile; fileRef = 0368FBE71C7A221700B8EC01 /* BlockOperation.swift */; };
		0368FC071C7A221700B8EC01 /* DelayOperation.swift in Sources */ = {isa = PBXBuildFile; fileRef = 0368FBE81C7A221700B8EC01 /* DelayOperation.swift */; };
		0368FC081C7A221700B8EC01 /* GroupOperation.swift in Sources */ = {isa = PBXBuildFile; fileRef = 0368FBE91C7A221700B8EC01 /* GroupOperation.swift */; };
		0368FC091C7A221700B8EC01 /* LocationOperation.swift in Sources */ = {isa = PBXBuildFile; fileRef = 0368FBEA1C7A221700B8EC01 /* LocationOperation.swift */; };
		0368FC0A1C7A221700B8EC01 /* Operation.swift in Sources */ = {isa = PBXBuildFile; fileRef = 0368FBEB1C7A221700B8EC01 /* Operation.swift */; };
		0368FC0B1C7A221700B8EC01 /* URLSessionTaskOperation.swift in Sources */ = {isa = PBXBuildFile; fileRef = 0368FBEC1C7A221700B8EC01 /* URLSessionTaskOperation.swift */; };
		0368FC0D1C7A24E700B8EC01 /* OpenNotSecurePageOperation.swift in Sources */ = {isa = PBXBuildFile; fileRef = 0368FC0C1C7A24E700B8EC01 /* OpenNotSecurePageOperation.swift */; };
		0393CD2C1C943310007BD0B7 /* Snapfile in Resources */ = {isa = PBXBuildFile; fileRef = 0393CD2B1C943310007BD0B7 /* Snapfile */; };
		03A202161C955B2900A4A8EB /* .travis.yml in Resources */ = {isa = PBXBuildFile; fileRef = 03A202151C955B2900A4A8EB /* .travis.yml */; };
		03BCFF441BC95EEF000AD1D2 /* CarSocialNetwork.swift in Sources */ = {isa = PBXBuildFile; fileRef = 03BCFF431BC95EEF000AD1D2 /* CarSocialNetwork.swift */; };
		03C1539F1C19EA120038ACC5 /* ConnectorStates.swift in Sources */ = {isa = PBXBuildFile; fileRef = 03C1539E1C19EA120038ACC5 /* ConnectorStates.swift */; };
		03C1CAA21C942EC3006C2549 /* mauthUITests.swift in Sources */ = {isa = PBXBuildFile; fileRef = 03C1CAA11C942EC3006C2549 /* mauthUITests.swift */; };
		03C1CAAE1C942F70006C2549 /* SnapshotHelper.swift in Sources */ = {isa = PBXBuildFile; fileRef = 03C1CAAD1C942F70006C2549 /* SnapshotHelper.swift */; };
		407C093EB7676DE6F430A7CA /* Pods_mauth.framework in Frameworks */ = {isa = PBXBuildFile; fileRef = 38BB3E91C75684C1EF13B58A /* Pods_mauth.framework */; };
/* End PBXBuildFile section */

/* Begin PBXContainerItemProxy section */
		030B85F51C941A260071F48C /* PBXContainerItemProxy */ = {
			isa = PBXContainerItemProxy;
			containerPortal = 03581C791BAED21800D5D95F /* Project object */;
			proxyType = 1;
			remoteGlobalIDString = 03581C801BAED21900D5D95F;
			remoteInfo = mauth;
		};
		03C1CAA41C942EC3006C2549 /* PBXContainerItemProxy */ = {
			isa = PBXContainerItemProxy;
			containerPortal = 03581C791BAED21800D5D95F /* Project object */;
			proxyType = 1;
			remoteGlobalIDString = 03581C801BAED21900D5D95F;
			remoteInfo = mauth;
		};
/* End PBXContainerItemProxy section */

/* Begin PBXFileReference section */
		030B85F01C941A260071F48C /* mauthTests.xctest */ = {isa = PBXFileReference; explicitFileType = wrapper.cfbundle; includeInIndex = 0; path = mauthTests.xctest; sourceTree = BUILT_PRODUCTS_DIR; };
		030B85F21C941A260071F48C /* mauthTests.swift */ = {isa = PBXFileReference; lastKnownFileType = sourcecode.swift; path = mauthTests.swift; sourceTree = "<group>"; };
		030B85F41C941A260071F48C /* Info.plist */ = {isa = PBXFileReference; lastKnownFileType = text.plist.xml; path = Info.plist; sourceTree = "<group>"; };
		0317D9571BBBE01500E6DE46 /* LogTableViewController.swift */ = {isa = PBXFileReference; fileEncoding = 4; lastKnownFileType = sourcecode.swift; path = LogTableViewController.swift; sourceTree = "<group>"; };
		0317D9591BBBE7C900E6DE46 /* LogViewerController.swift */ = {isa = PBXFileReference; fileEncoding = 4; lastKnownFileType = sourcecode.swift; path = LogViewerController.swift; sourceTree = "<group>"; };
		031DA7271C95A9410092FFBA /* LogManager.swift */ = {isa = PBXFileReference; fileEncoding = 4; lastKnownFileType = sourcecode.swift; path = LogManager.swift; sourceTree = "<group>"; };
		032126FC1C19EFCC000D1DA0 /* GameplayKit.framework */ = {isa = PBXFileReference; lastKnownFileType = wrapper.framework; name = GameplayKit.framework; path = System/Library/Frameworks/GameplayKit.framework; sourceTree = SDKROOT; };
		033F30091C1A47D900EEDFB5 /* NeatViewController.swift */ = {isa = PBXFileReference; fileEncoding = 4; lastKnownFileType = sourcecode.swift; path = NeatViewController.swift; sourceTree = "<group>"; };
		03581C811BAED21900D5D95F /* mauth.app */ = {isa = PBXFileReference; explicitFileType = wrapper.application; includeInIndex = 0; path = mauth.app; sourceTree = BUILT_PRODUCTS_DIR; };
		03581C841BAED21900D5D95F /* AppDelegate.swift */ = {isa = PBXFileReference; lastKnownFileType = sourcecode.swift; path = AppDelegate.swift; sourceTree = "<group>"; };
		03581C891BAED21900D5D95F /* Base */ = {isa = PBXFileReference; lastKnownFileType = file.storyboard; name = Base; path = Base.lproj/Main.storyboard; sourceTree = "<group>"; };
		03581C8B1BAED21900D5D95F /* Assets.xcassets */ = {isa = PBXFileReference; lastKnownFileType = folder.assetcatalog; path = Assets.xcassets; sourceTree = "<group>"; };
		03581C8E1BAED21900D5D95F /* Base */ = {isa = PBXFileReference; lastKnownFileType = file.storyboard; name = Base; path = Base.lproj/LaunchScreen.storyboard; sourceTree = "<group>"; };
		03581C901BAED21900D5D95F /* Info.plist */ = {isa = PBXFileReference; lastKnownFileType = text.plist.xml; path = Info.plist; sourceTree = "<group>"; };
		0368FBCA1C7A221700B8EC01 /* CalendarCondition.swift */ = {isa = PBXFileReference; fileEncoding = 4; lastKnownFileType = sourcecode.swift; path = CalendarCondition.swift; sourceTree = "<group>"; };
		0368FBCB1C7A221700B8EC01 /* CloudCondition.swift */ = {isa = PBXFileReference; fileEncoding = 4; lastKnownFileType = sourcecode.swift; path = CloudCondition.swift; sourceTree = "<group>"; };
		0368FBCD1C7A221700B8EC01 /* LocationCondition.swift */ = {isa = PBXFileReference; fileEncoding = 4; lastKnownFileType = sourcecode.swift; path = LocationCondition.swift; sourceTree = "<group>"; };
		0368FBCE1C7A221700B8EC01 /* MutuallyExclusive.swift */ = {isa = PBXFileReference; fileEncoding = 4; lastKnownFileType = sourcecode.swift; path = MutuallyExclusive.swift; sourceTree = "<group>"; };
		0368FBCF1C7A221700B8EC01 /* NegatedCondition.swift */ = {isa = PBXFileReference; fileEncoding = 4; lastKnownFileType = sourcecode.swift; path = NegatedCondition.swift; sourceTree = "<group>"; };
		0368FBD01C7A221700B8EC01 /* NoCancelledDependencies.swift */ = {isa = PBXFileReference; fileEncoding = 4; lastKnownFileType = sourcecode.swift; path = NoCancelledDependencies.swift; sourceTree = "<group>"; };
		0368FBD11C7A221700B8EC01 /* OperationCondition.swift */ = {isa = PBXFileReference; fileEncoding = 4; lastKnownFileType = sourcecode.swift; path = OperationCondition.swift; sourceTree = "<group>"; };
		0368FBD21C7A221700B8EC01 /* OperationErrors.swift */ = {isa = PBXFileReference; fileEncoding = 4; lastKnownFileType = sourcecode.swift; path = OperationErrors.swift; sourceTree = "<group>"; };
		0368FBD31C7A221700B8EC01 /* PassbookCondition.swift */ = {isa = PBXFileReference; fileEncoding = 4; lastKnownFileType = sourcecode.swift; path = PassbookCondition.swift; sourceTree = "<group>"; };
		0368FBD41C7A221700B8EC01 /* PhotosCondition.swift */ = {isa = PBXFileReference; fileEncoding = 4; lastKnownFileType = sourcecode.swift; path = PhotosCondition.swift; sourceTree = "<group>"; };
		0368FBD51C7A221700B8EC01 /* ReachabilityCondition.swift */ = {isa = PBXFileReference; fileEncoding = 4; lastKnownFileType = sourcecode.swift; path = ReachabilityCondition.swift; sourceTree = "<group>"; };
		0368FBD61C7A221700B8EC01 /* RemoteNotificationCondition.swift */ = {isa = PBXFileReference; fileEncoding = 4; lastKnownFileType = sourcecode.swift; path = RemoteNotificationCondition.swift; sourceTree = "<group>"; };
		0368FBD71C7A221700B8EC01 /* SilentCondition.swift */ = {isa = PBXFileReference; fileEncoding = 4; lastKnownFileType = sourcecode.swift; path = SilentCondition.swift; sourceTree = "<group>"; };
		0368FBD81C7A221700B8EC01 /* UserNotificationCondition.swift */ = {isa = PBXFileReference; fileEncoding = 4; lastKnownFileType = sourcecode.swift; path = UserNotificationCondition.swift; sourceTree = "<group>"; };
		0368FBDA1C7A221700B8EC01 /* CKContainer+Operations.swift */ = {isa = PBXFileReference; fileEncoding = 4; lastKnownFileType = sourcecode.swift; path = "CKContainer+Operations.swift"; sourceTree = "<group>"; };
		0368FBDB1C7A221700B8EC01 /* Dictionary+Operations.swift */ = {isa = PBXFileReference; fileEncoding = 4; lastKnownFileType = sourcecode.swift; path = "Dictionary+Operations.swift"; sourceTree = "<group>"; };
		0368FBDC1C7A221700B8EC01 /* NSLock+Operations.swift */ = {isa = PBXFileReference; fileEncoding = 4; lastKnownFileType = sourcecode.swift; path = "NSLock+Operations.swift"; sourceTree = "<group>"; };
		0368FBDD1C7A221700B8EC01 /* NSOperation+Operations.swift */ = {isa = PBXFileReference; fileEncoding = 4; lastKnownFileType = sourcecode.swift; path = "NSOperation+Operations.swift"; sourceTree = "<group>"; };
		0368FBDE1C7A221700B8EC01 /* UIUserNotifications+Operations.swift */ = {isa = PBXFileReference; fileEncoding = 4; lastKnownFileType = sourcecode.swift; path = "UIUserNotifications+Operations.swift"; sourceTree = "<group>"; };
		0368FBE01C7A221700B8EC01 /* BlockObserver.swift */ = {isa = PBXFileReference; fileEncoding = 4; lastKnownFileType = sourcecode.swift; path = BlockObserver.swift; sourceTree = "<group>"; };
		0368FBE11C7A221700B8EC01 /* OperationObserver.swift */ = {isa = PBXFileReference; fileEncoding = 4; lastKnownFileType = sourcecode.swift; path = OperationObserver.swift; sourceTree = "<group>"; };
		0368FBE21C7A221700B8EC01 /* TimeoutObserver.swift */ = {isa = PBXFileReference; fileEncoding = 4; lastKnownFileType = sourcecode.swift; path = TimeoutObserver.swift; sourceTree = "<group>"; };
		0368FBE41C7A221700B8EC01 /* ExclusivityController.swift */ = {isa = PBXFileReference; fileEncoding = 4; lastKnownFileType = sourcecode.swift; path = ExclusivityController.swift; sourceTree = "<group>"; };
		0368FBE51C7A221700B8EC01 /* OperationQueue.swift */ = {isa = PBXFileReference; fileEncoding = 4; lastKnownFileType = sourcecode.swift; path = OperationQueue.swift; sourceTree = "<group>"; };
		0368FBE71C7A221700B8EC01 /* BlockOperation.swift */ = {isa = PBXFileReference; fileEncoding = 4; lastKnownFileType = sourcecode.swift; path = BlockOperation.swift; sourceTree = "<group>"; };
		0368FBE81C7A221700B8EC01 /* DelayOperation.swift */ = {isa = PBXFileReference; fileEncoding = 4; lastKnownFileType = sourcecode.swift; path = DelayOperation.swift; sourceTree = "<group>"; };
		0368FBE91C7A221700B8EC01 /* GroupOperation.swift */ = {isa = PBXFileReference; fileEncoding = 4; lastKnownFileType = sourcecode.swift; path = GroupOperation.swift; sourceTree = "<group>"; };
		0368FBEA1C7A221700B8EC01 /* LocationOperation.swift */ = {isa = PBXFileReference; fileEncoding = 4; lastKnownFileType = sourcecode.swift; path = LocationOperation.swift; sourceTree = "<group>"; };
		0368FBEB1C7A221700B8EC01 /* Operation.swift */ = {isa = PBXFileReference; fileEncoding = 4; lastKnownFileType = sourcecode.swift; path = Operation.swift; sourceTree = "<group>"; };
		0368FBEC1C7A221700B8EC01 /* URLSessionTaskOperation.swift */ = {isa = PBXFileReference; fileEncoding = 4; lastKnownFileType = sourcecode.swift; path = URLSessionTaskOperation.swift; sourceTree = "<group>"; };
		0368FC0C1C7A24E700B8EC01 /* OpenNotSecurePageOperation.swift */ = {isa = PBXFileReference; fileEncoding = 4; lastKnownFileType = sourcecode.swift; path = OpenNotSecurePageOperation.swift; sourceTree = "<group>"; };
		0393CD2B1C943310007BD0B7 /* Snapfile */ = {isa = PBXFileReference; fileEncoding = 4; lastKnownFileType = text; name = Snapfile; path = ../Snapfile; sourceTree = "<group>"; xcLanguageSpecificationIdentifier = xcode.lang.ruby; };
		03A202151C955B2900A4A8EB /* .travis.yml */ = {isa = PBXFileReference; fileEncoding = 4; lastKnownFileType = text; path = .travis.yml; sourceTree = "<group>"; };
		03BCFF431BC95EEF000AD1D2 /* CarSocialNetwork.swift */ = {isa = PBXFileReference; fileEncoding = 4; lastKnownFileType = sourcecode.swift; name = CarSocialNetwork.swift; path = "To do — Social Network/CarSocialNetwork.swift"; sourceTree = "<group>"; };
		03C1539E1C19EA120038ACC5 /* ConnectorStates.swift */ = {isa = PBXFileReference; fileEncoding = 4; lastKnownFileType = sourcecode.swift; path = ConnectorStates.swift; sourceTree = "<group>"; };
		03C1CA9F1C942EC3006C2549 /* mauthUITests.xctest */ = {isa = PBXFileReference; explicitFileType = wrapper.cfbundle; includeInIndex = 0; path = mauthUITests.xctest; sourceTree = BUILT_PRODUCTS_DIR; };
		03C1CAA11C942EC3006C2549 /* mauthUITests.swift */ = {isa = PBXFileReference; lastKnownFileType = sourcecode.swift; path = mauthUITests.swift; sourceTree = "<group>"; };
		03C1CAA31C942EC3006C2549 /* Info.plist */ = {isa = PBXFileReference; lastKnownFileType = text.plist.xml; path = Info.plist; sourceTree = "<group>"; };
		03C1CAAD1C942F70006C2549 /* SnapshotHelper.swift */ = {isa = PBXFileReference; fileEncoding = 4; lastKnownFileType = sourcecode.swift; path = SnapshotHelper.swift; sourceTree = "<group>"; };
		38BB3E91C75684C1EF13B58A /* Pods_mauth.framework */ = {isa = PBXFileReference; explicitFileType = wrapper.framework; includeInIndex = 0; path = Pods_mauth.framework; sourceTree = BUILT_PRODUCTS_DIR; };
		7B3F97580535A1685EA261D0 /* Pods-mauth.release.xcconfig */ = {isa = PBXFileReference; includeInIndex = 1; lastKnownFileType = text.xcconfig; name = "Pods-mauth.release.xcconfig"; path = "Pods/Target Support Files/Pods-mauth/Pods-mauth.release.xcconfig"; sourceTree = "<group>"; };
		D15C100F23E060F4D8BC33FE /* Pods-mauth.debug.xcconfig */ = {isa = PBXFileReference; includeInIndex = 1; lastKnownFileType = text.xcconfig; name = "Pods-mauth.debug.xcconfig"; path = "Pods/Target Support Files/Pods-mauth/Pods-mauth.debug.xcconfig"; sourceTree = "<group>"; };
/* End PBXFileReference section */

/* Begin PBXFrameworksBuildPhase section */
		030B85ED1C941A260071F48C /* Frameworks */ = {
			isa = PBXFrameworksBuildPhase;
			buildActionMask = 2147483647;
			files = (
			);
			runOnlyForDeploymentPostprocessing = 0;
		};
		03581C7E1BAED21900D5D95F /* Frameworks */ = {
			isa = PBXFrameworksBuildPhase;
			buildActionMask = 2147483647;
			files = (
				032126FD1C19EFCC000D1DA0 /* GameplayKit.framework in Frameworks */,
				407C093EB7676DE6F430A7CA /* Pods_mauth.framework in Frameworks */,
			);
			runOnlyForDeploymentPostprocessing = 0;
		};
		03C1CA9C1C942EC3006C2549 /* Frameworks */ = {
			isa = PBXFrameworksBuildPhase;
			buildActionMask = 2147483647;
			files = (
			);
			runOnlyForDeploymentPostprocessing = 0;
		};
/* End PBXFrameworksBuildPhase section */

/* Begin PBXGroup section */
		030B85F11C941A260071F48C /* mauthTests */ = {
			isa = PBXGroup;
			children = (
				030B85F41C941A260071F48C /* Info.plist */,
				030B85F21C941A260071F48C /* mauthTests.swift */,
			);
			path = mauthTests;
			sourceTree = "<group>";
		};
		033F30081C1A46FA00EEDFB5 /* Logs */ = {
			isa = PBXGroup;
			children = (
				031DA7271C95A9410092FFBA /* LogManager.swift */,
				0317D9571BBBE01500E6DE46 /* LogTableViewController.swift */,
				0317D9591BBBE7C900E6DE46 /* LogViewerController.swift */,
			);
			path = Logs;
			sourceTree = "<group>";
		};
		033F300B1C1ADDDA00EEDFB5 /* State Machine */ = {
			isa = PBXGroup;
			children = (
				0368FBC81C7A221700B8EC01 /* Operations */,
				03C1539E1C19EA120038ACC5 /* ConnectorStates.swift */,
				0368FC0C1C7A24E700B8EC01 /* OpenNotSecurePageOperation.swift */,
			);
			name = "State Machine";
			path = "State Machine Operations";
			sourceTree = "<group>";
		};
		03581C781BAED21800D5D95F = {
			isa = PBXGroup;
			children = (
				03581C831BAED21900D5D95F /* Sources */,
				03DF11061C958149007108DA /* Resources */,
				CB02B59CE29826B1D3C48AC4 /* Frameworks */,
				BA08C717C88E26D79B51FEAC /* Pods */,
				03581C821BAED21900D5D95F /* Products */,
				030B85F11C941A260071F48C /* mauthTests */,
				03C1CAA01C942EC3006C2549 /* mauthUITests */,
			);
			indentWidth = 2;
			sourceTree = "<group>";
			tabWidth = 2;
		};
		03581C821BAED21900D5D95F /* Products */ = {
			isa = PBXGroup;
			children = (
				03581C811BAED21900D5D95F /* mauth.app */,
				030B85F01C941A260071F48C /* mauthTests.xctest */,
				03C1CA9F1C942EC3006C2549 /* mauthUITests.xctest */,
			);
			name = Products;
			sourceTree = "<group>";
		};
		03581C831BAED21900D5D95F /* Sources */ = {
			isa = PBXGroup;
			children = (
				03581C841BAED21900D5D95F /* AppDelegate.swift */,
				03581C8B1BAED21900D5D95F /* Assets.xcassets */,
				03581C8D1BAED21900D5D95F /* LaunchScreen.storyboard */,
				03581C881BAED21900D5D95F /* Main.storyboard */,
				033F30091C1A47D900EEDFB5 /* NeatViewController.swift */,
				033F300B1C1ADDDA00EEDFB5 /* State Machine */,
				033F30081C1A46FA00EEDFB5 /* Logs */,
				03BCFF431BC95EEF000AD1D2 /* CarSocialNetwork.swift */,
			);
			name = Sources;
			path = mauth;
			sourceTree = "<group>";
		};
		0368FBC81C7A221700B8EC01 /* Operations */ = {
			isa = PBXGroup;
			children = (
				0368FBC91C7A221700B8EC01 /* Conditions */,
				0368FBD91C7A221700B8EC01 /* Convenience Extensions */,
				0368FBDF1C7A221700B8EC01 /* Observers */,
				0368FBE31C7A221700B8EC01 /* Operation Queue */,
				0368FBE61C7A221700B8EC01 /* Operations */,
			);
			path = Operations;
			sourceTree = "<group>";
		};
		0368FBC91C7A221700B8EC01 /* Conditions */ = {
			isa = PBXGroup;
			children = (
				0368FBCA1C7A221700B8EC01 /* CalendarCondition.swift */,
				0368FBCB1C7A221700B8EC01 /* CloudCondition.swift */,
				0368FBCD1C7A221700B8EC01 /* LocationCondition.swift */,
				0368FBCE1C7A221700B8EC01 /* MutuallyExclusive.swift */,
				0368FBCF1C7A221700B8EC01 /* NegatedCondition.swift */,
				0368FBD01C7A221700B8EC01 /* NoCancelledDependencies.swift */,
				0368FBD11C7A221700B8EC01 /* OperationCondition.swift */,
				0368FBD21C7A221700B8EC01 /* OperationErrors.swift */,
				0368FBD31C7A221700B8EC01 /* PassbookCondition.swift */,
				0368FBD41C7A221700B8EC01 /* PhotosCondition.swift */,
				0368FBD51C7A221700B8EC01 /* ReachabilityCondition.swift */,
				0368FBD61C7A221700B8EC01 /* RemoteNotificationCondition.swift */,
				0368FBD71C7A221700B8EC01 /* SilentCondition.swift */,
				0368FBD81C7A221700B8EC01 /* UserNotificationCondition.swift */,
			);
			path = Conditions;
			sourceTree = "<group>";
		};
		0368FBD91C7A221700B8EC01 /* Convenience Extensions */ = {
			isa = PBXGroup;
			children = (
				0368FBDA1C7A221700B8EC01 /* CKContainer+Operations.swift */,
				0368FBDB1C7A221700B8EC01 /* Dictionary+Operations.swift */,
				0368FBDC1C7A221700B8EC01 /* NSLock+Operations.swift */,
				0368FBDD1C7A221700B8EC01 /* NSOperation+Operations.swift */,
				0368FBDE1C7A221700B8EC01 /* UIUserNotifications+Operations.swift */,
			);
			path = "Convenience Extensions";
			sourceTree = "<group>";
		};
		0368FBDF1C7A221700B8EC01 /* Observers */ = {
			isa = PBXGroup;
			children = (
				0368FBE01C7A221700B8EC01 /* BlockObserver.swift */,
				0368FBE11C7A221700B8EC01 /* OperationObserver.swift */,
				0368FBE21C7A221700B8EC01 /* TimeoutObserver.swift */,
			);
			path = Observers;
			sourceTree = "<group>";
		};
		0368FBE31C7A221700B8EC01 /* Operation Queue */ = {
			isa = PBXGroup;
			children = (
				0368FBE41C7A221700B8EC01 /* ExclusivityController.swift */,
				0368FBE51C7A221700B8EC01 /* OperationQueue.swift */,
			);
			path = "Operation Queue";
			sourceTree = "<group>";
		};
		0368FBE61C7A221700B8EC01 /* Operations */ = {
			isa = PBXGroup;
			children = (
				0368FBE71C7A221700B8EC01 /* BlockOperation.swift */,
				0368FBE81C7A221700B8EC01 /* DelayOperation.swift */,
				0368FBE91C7A221700B8EC01 /* GroupOperation.swift */,
				0368FBEA1C7A221700B8EC01 /* LocationOperation.swift */,
				0368FBEB1C7A221700B8EC01 /* Operation.swift */,
				0368FBEC1C7A221700B8EC01 /* URLSessionTaskOperation.swift */,
			);
			path = Operations;
			sourceTree = "<group>";
		};
		03C1CAA01C942EC3006C2549 /* mauthUITests */ = {
			isa = PBXGroup;
			children = (
				03C1CAA31C942EC3006C2549 /* Info.plist */,
				0393CD2B1C943310007BD0B7 /* Snapfile */,
				03C1CAAD1C942F70006C2549 /* SnapshotHelper.swift */,
				03C1CAA11C942EC3006C2549 /* mauthUITests.swift */,
			);
			path = mauthUITests;
			sourceTree = "<group>";
		};
		03DF11061C958149007108DA /* Resources */ = {
			isa = PBXGroup;
			children = (
				03A202151C955B2900A4A8EB /* .travis.yml */,
				03581C901BAED21900D5D95F /* Info.plist */,
			);
			name = Resources;
			path = mauth/Info;
			sourceTree = "<group>";
		};
		BA08C717C88E26D79B51FEAC /* Pods */ = {
			isa = PBXGroup;
			children = (
				D15C100F23E060F4D8BC33FE /* Pods-mauth.debug.xcconfig */,
				7B3F97580535A1685EA261D0 /* Pods-mauth.release.xcconfig */,
			);
			name = Pods;
			sourceTree = "<group>";
		};
		CB02B59CE29826B1D3C48AC4 /* Frameworks */ = {
			isa = PBXGroup;
			children = (
				032126FC1C19EFCC000D1DA0 /* GameplayKit.framework */,
				38BB3E91C75684C1EF13B58A /* Pods_mauth.framework */,
			);
			name = Frameworks;
			sourceTree = "<group>";
		};
/* End PBXGroup section */

/* Begin PBXNativeTarget section */
		030B85EF1C941A260071F48C /* mauthTests */ = {
			isa = PBXNativeTarget;
			buildConfigurationList = 030B85F91C941A260071F48C /* Build configuration list for PBXNativeTarget "mauthTests" */;
			buildPhases = (
				030B85EC1C941A260071F48C /* Sources */,
				030B85ED1C941A260071F48C /* Frameworks */,
				030B85EE1C941A260071F48C /* Resources */,
			);
			buildRules = (
			);
			dependencies = (
				030B85F61C941A260071F48C /* PBXTargetDependency */,
			);
			name = mauthTests;
			productName = mauthTests;
			productReference = 030B85F01C941A260071F48C /* mauthTests.xctest */;
			productType = "com.apple.product-type.bundle.unit-test";
		};
		03581C801BAED21900D5D95F /* mauth */ = {
			isa = PBXNativeTarget;
			buildConfigurationList = 03581CA91BAED21900D5D95F /* Build configuration list for PBXNativeTarget "mauth" */;
			buildPhases = (
				CF6CA5C9BE9B2BED19EA988F /* Check Pods Manifest.lock */,
				03581C7D1BAED21900D5D95F /* Sources */,
				03581C7E1BAED21900D5D95F /* Frameworks */,
				03581C7F1BAED21900D5D95F /* Resources */,
				E25A63EC8D5A2CD14BE7B6E2 /* Copy Pods Resources */,
				97823E595C735A9C15225916 /* Embed Pods Frameworks */,
				035EC9881BBBFB1700EA5CAD /* Run Script Autoincrement */,
			);
			buildRules = (
			);
			dependencies = (
			);
			name = mauth;
			productName = mauth;
			productReference = 03581C811BAED21900D5D95F /* mauth.app */;
			productType = "com.apple.product-type.application";
		};
		03C1CA9E1C942EC3006C2549 /* mauthUITests */ = {
			isa = PBXNativeTarget;
			buildConfigurationList = 03C1CAA81C942EC3006C2549 /* Build configuration list for PBXNativeTarget "mauthUITests" */;
			buildPhases = (
				03C1CA9B1C942EC3006C2549 /* Sources */,
				03C1CA9C1C942EC3006C2549 /* Frameworks */,
				03C1CA9D1C942EC3006C2549 /* Resources */,
			);
			buildRules = (
			);
			dependencies = (
				03C1CAA51C942EC3006C2549 /* PBXTargetDependency */,
			);
			name = mauthUITests;
			productName = mauthUITests;
			productReference = 03C1CA9F1C942EC3006C2549 /* mauthUITests.xctest */;
			productType = "com.apple.product-type.bundle.ui-testing";
		};
/* End PBXNativeTarget section */

/* Begin PBXProject section */
		03581C791BAED21800D5D95F /* Project object */ = {
			isa = PBXProject;
			attributes = {
				LastSwiftUpdateCheck = 0720;
				LastUpgradeCheck = 0700;
				ORGANIZATIONNAME = m4rr;
				TargetAttributes = {
					030B85EF1C941A260071F48C = {
						CreatedOnToolsVersion = 7.2.1;
						TestTargetID = 03581C801BAED21900D5D95F;
					};
					03581C801BAED21900D5D95F = {
						CreatedOnToolsVersion = 7.0;
					};
					03C1CA9E1C942EC3006C2549 = {
						CreatedOnToolsVersion = 7.2.1;
						TestTargetID = 03581C801BAED21900D5D95F;
					};
				};
			};
			buildConfigurationList = 03581C7C1BAED21800D5D95F /* Build configuration list for PBXProject "mauth" */;
			compatibilityVersion = "Xcode 3.2";
			developmentRegion = English;
			hasScannedForEncodings = 0;
			knownRegions = (
				en,
				Base,
			);
			mainGroup = 03581C781BAED21800D5D95F;
			productRefGroup = 03581C821BAED21900D5D95F /* Products */;
			projectDirPath = "";
			projectRoot = "";
			targets = (
				03581C801BAED21900D5D95F /* mauth */,
				030B85EF1C941A260071F48C /* mauthTests */,
				03C1CA9E1C942EC3006C2549 /* mauthUITests */,
			);
		};
/* End PBXProject section */

/* Begin PBXResourcesBuildPhase section */
		030B85EE1C941A260071F48C /* Resources */ = {
			isa = PBXResourcesBuildPhase;
			buildActionMask = 2147483647;
			files = (
			);
			runOnlyForDeploymentPostprocessing = 0;
		};
		03581C7F1BAED21900D5D95F /* Resources */ = {
			isa = PBXResourcesBuildPhase;
			buildActionMask = 2147483647;
			files = (
				03581C8F1BAED21900D5D95F /* LaunchScreen.storyboard in Resources */,
				03581C8C1BAED21900D5D95F /* Assets.xcassets in Resources */,
				03581C8A1BAED21900D5D95F /* Main.storyboard in Resources */,
				03A202161C955B2900A4A8EB /* .travis.yml in Resources */,
			);
			runOnlyForDeploymentPostprocessing = 0;
		};
		03C1CA9D1C942EC3006C2549 /* Resources */ = {
			isa = PBXResourcesBuildPhase;
			buildActionMask = 2147483647;
			files = (
				0393CD2C1C943310007BD0B7 /* Snapfile in Resources */,
			);
			runOnlyForDeploymentPostprocessing = 0;
		};
/* End PBXResourcesBuildPhase section */

/* Begin PBXShellScriptBuildPhase section */
		035EC9881BBBFB1700EA5CAD /* Run Script Autoincrement */ = {
			isa = PBXShellScriptBuildPhase;
			buildActionMask = 8;
			files = (
			);
			inputPaths = (
			);
			name = "Run Script Autoincrement";
			outputPaths = (
			);
			runOnlyForDeploymentPostprocessing = 1;
			shellPath = /bin/sh;
			shellScript = "bN=$(/usr/libexec/PlistBuddy -c \"Print CFBundleVersion\" \"$INFOPLIST_FILE\")\nbN=$(($bN + 1))\n/usr/libexec/PlistBuddy -c \"Set :CFBundleVersion $bN\" \"$INFOPLIST_FILE\"\n";
		};
		97823E595C735A9C15225916 /* Embed Pods Frameworks */ = {
			isa = PBXShellScriptBuildPhase;
			buildActionMask = 2147483647;
			files = (
			);
			inputPaths = (
			);
			name = "Embed Pods Frameworks";
			outputPaths = (
			);
			runOnlyForDeploymentPostprocessing = 0;
			shellPath = /bin/sh;
			shellScript = "\"${SRCROOT}/Pods/Target Support Files/Pods-mauth/Pods-mauth-frameworks.sh\"\n";
			showEnvVarsInLog = 0;
		};
		CF6CA5C9BE9B2BED19EA988F /* Check Pods Manifest.lock */ = {
			isa = PBXShellScriptBuildPhase;
			buildActionMask = 2147483647;
			files = (
			);
			inputPaths = (
			);
			name = "Check Pods Manifest.lock";
			outputPaths = (
			);
			runOnlyForDeploymentPostprocessing = 0;
			shellPath = /bin/sh;
			shellScript = "diff \"${PODS_ROOT}/../Podfile.lock\" \"${PODS_ROOT}/Manifest.lock\" > /dev/null\nif [[ $? != 0 ]] ; then\n    cat << EOM\nerror: The sandbox is not in sync with the Podfile.lock. Run 'pod install' or update your CocoaPods installation.\nEOM\n    exit 1\nfi\n";
			showEnvVarsInLog = 0;
		};
		E25A63EC8D5A2CD14BE7B6E2 /* Copy Pods Resources */ = {
			isa = PBXShellScriptBuildPhase;
			buildActionMask = 2147483647;
			files = (
			);
			inputPaths = (
			);
			name = "Copy Pods Resources";
			outputPaths = (
			);
			runOnlyForDeploymentPostprocessing = 0;
			shellPath = /bin/sh;
			shellScript = "\"${SRCROOT}/Pods/Target Support Files/Pods-mauth/Pods-mauth-resources.sh\"\n";
			showEnvVarsInLog = 0;
		};
/* End PBXShellScriptBuildPhase section */

/* Begin PBXSourcesBuildPhase section */
		030B85EC1C941A260071F48C /* Sources */ = {
			isa = PBXSourcesBuildPhase;
			buildActionMask = 2147483647;
			files = (
				030B85F31C941A260071F48C /* mauthTests.swift in Sources */,
			);
			runOnlyForDeploymentPostprocessing = 0;
		};
		03581C7D1BAED21900D5D95F /* Sources */ = {
			isa = PBXSourcesBuildPhase;
			buildActionMask = 2147483647;
			files = (
				0368FBF21C7A221700B8EC01 /* NegatedCondition.swift in Sources */,
				0368FC041C7A221700B8EC01 /* ExclusivityController.swift in Sources */,
				0368FC071C7A221700B8EC01 /* DelayOperation.swift in Sources */,
				0368FC0A1C7A221700B8EC01 /* Operation.swift in Sources */,
				0368FBFF1C7A221700B8EC01 /* NSOperation+Operations.swift in Sources */,
				0317D95A1BBBE7C900E6DE46 /* LogViewerController.swift in Sources */,
				0368FBF01C7A221700B8EC01 /* LocationCondition.swift in Sources */,
				0368FC031C7A221700B8EC01 /* TimeoutObserver.swift in Sources */,
				033F300A1C1A47D900EEDFB5 /* NeatViewController.swift in Sources */,
				0368FBF71C7A221700B8EC01 /* PhotosCondition.swift in Sources */,
				0368FBED1C7A221700B8EC01 /* CalendarCondition.swift in Sources */,
				0368FBF31C7A221700B8EC01 /* NoCancelledDependencies.swift in Sources */,
				0368FC021C7A221700B8EC01 /* OperationObserver.swift in Sources */,
				0368FC051C7A221700B8EC01 /* OperationQueue.swift in Sources */,
				03C1539F1C19EA120038ACC5 /* ConnectorStates.swift in Sources */,
				0368FC011C7A221700B8EC01 /* BlockObserver.swift in Sources */,
				0368FBF81C7A221700B8EC01 /* ReachabilityCondition.swift in Sources */,
				0368FBF61C7A221700B8EC01 /* PassbookCondition.swift in Sources */,
				0368FBFA1C7A221700B8EC01 /* SilentCondition.swift in Sources */,
				0368FC091C7A221700B8EC01 /* LocationOperation.swift in Sources */,
				0368FBFD1C7A221700B8EC01 /* Dictionary+Operations.swift in Sources */,
				0368FBF51C7A221700B8EC01 /* OperationErrors.swift in Sources */,
				03BCFF441BC95EEF000AD1D2 /* CarSocialNetwork.swift in Sources */,
				0368FBF11C7A221700B8EC01 /* MutuallyExclusive.swift in Sources */,
				0368FC0B1C7A221700B8EC01 /* URLSessionTaskOperation.swift in Sources */,
				0368FC0D1C7A24E700B8EC01 /* OpenNotSecurePageOperation.swift in Sources */,
				031DA7281C95A9410092FFBA /* LogManager.swift in Sources */,
				0368FBFE1C7A221700B8EC01 /* NSLock+Operations.swift in Sources */,
				0368FBF91C7A221700B8EC01 /* RemoteNotificationCondition.swift in Sources */,
				0368FC061C7A221700B8EC01 /* BlockOperation.swift in Sources */,
				0368FC081C7A221700B8EC01 /* GroupOperation.swift in Sources */,
				0368FBFB1C7A221700B8EC01 /* UserNotificationCondition.swift in Sources */,
				0368FBEE1C7A221700B8EC01 /* CloudCondition.swift in Sources */,
				0317D9581BBBE01500E6DE46 /* LogTableViewController.swift in Sources */,
				03581C851BAED21900D5D95F /* AppDelegate.swift in Sources */,
				0368FBFC1C7A221700B8EC01 /* CKContainer+Operations.swift in Sources */,
				0368FC001C7A221700B8EC01 /* UIUserNotifications+Operations.swift in Sources */,
				0368FBF41C7A221700B8EC01 /* OperationCondition.swift in Sources */,
			);
			runOnlyForDeploymentPostprocessing = 0;
		};
		03C1CA9B1C942EC3006C2549 /* Sources */ = {
			isa = PBXSourcesBuildPhase;
			buildActionMask = 2147483647;
			files = (
				03C1CAA21C942EC3006C2549 /* mauthUITests.swift in Sources */,
				03C1CAAE1C942F70006C2549 /* SnapshotHelper.swift in Sources */,
			);
			runOnlyForDeploymentPostprocessing = 0;
		};
/* End PBXSourcesBuildPhase section */

/* Begin PBXTargetDependency section */
		030B85F61C941A260071F48C /* PBXTargetDependency */ = {
			isa = PBXTargetDependency;
			target = 03581C801BAED21900D5D95F /* mauth */;
			targetProxy = 030B85F51C941A260071F48C /* PBXContainerItemProxy */;
		};
		03C1CAA51C942EC3006C2549 /* PBXTargetDependency */ = {
			isa = PBXTargetDependency;
			target = 03581C801BAED21900D5D95F /* mauth */;
			targetProxy = 03C1CAA41C942EC3006C2549 /* PBXContainerItemProxy */;
		};
/* End PBXTargetDependency section */

/* Begin PBXVariantGroup section */
		03581C881BAED21900D5D95F /* Main.storyboard */ = {
			isa = PBXVariantGroup;
			children = (
				03581C891BAED21900D5D95F /* Base */,
			);
			name = Main.storyboard;
			path = .;
			sourceTree = "<group>";
		};
		03581C8D1BAED21900D5D95F /* LaunchScreen.storyboard */ = {
			isa = PBXVariantGroup;
			children = (
				03581C8E1BAED21900D5D95F /* Base */,
			);
			name = LaunchScreen.storyboard;
			path = .;
			sourceTree = "<group>";
		};
/* End PBXVariantGroup section */

/* Begin XCBuildConfiguration section */
		030B85F71C941A260071F48C /* Debug */ = {
			isa = XCBuildConfiguration;
			baseConfigurationReference = D15C100F23E060F4D8BC33FE /* Pods-mauth.debug.xcconfig */;
			buildSettings = {
				BUNDLE_LOADER = "$(TEST_HOST)";
				"CODE_SIGN_IDENTITY[sdk=iphoneos*]" = "iPhone Developer";
				COPY_PHASE_STRIP = NO;
				GCC_OPTIMIZATION_LEVEL = 0;
				INFOPLIST_FILE = mauthTests/Info.plist;
				IPHONEOS_DEPLOYMENT_TARGET = 9.2;
				LD_RUNPATH_SEARCH_PATHS = "$(inherited) @executable_path/Frameworks @loader_path/Frameworks";
				PRODUCT_BUNDLE_IDENTIFIER = com.m4rr.mauthTests;
				PRODUCT_NAME = "$(TARGET_NAME)";
				TEST_HOST = "$(BUILT_PRODUCTS_DIR)/mauth.app/mauth";
			};
			name = Debug;
		};
		030B85F81C941A260071F48C /* Release */ = {
			isa = XCBuildConfiguration;
			baseConfigurationReference = 7B3F97580535A1685EA261D0 /* Pods-mauth.release.xcconfig */;
			buildSettings = {
				BUNDLE_LOADER = "$(TEST_HOST)";
				"CODE_SIGN_IDENTITY[sdk=iphoneos*]" = "iPhone Developer";
				COPY_PHASE_STRIP = NO;
				INFOPLIST_FILE = mauthTests/Info.plist;
				IPHONEOS_DEPLOYMENT_TARGET = 9.2;
				LD_RUNPATH_SEARCH_PATHS = "$(inherited) @executable_path/Frameworks @loader_path/Frameworks";
				PRODUCT_BUNDLE_IDENTIFIER = com.m4rr.mauthTests;
				PRODUCT_NAME = "$(TARGET_NAME)";
				TEST_HOST = "$(BUILT_PRODUCTS_DIR)/mauth.app/mauth";
			};
			name = Release;
		};
		03581CA71BAED21900D5D95F /* Debug */ = {
			isa = XCBuildConfiguration;
			buildSettings = {
				ALWAYS_SEARCH_USER_PATHS = NO;
				CLANG_CXX_LANGUAGE_STANDARD = "gnu++0x";
				CLANG_CXX_LIBRARY = "libc++";
				CLANG_ENABLE_MODULES = YES;
				CLANG_ENABLE_OBJC_ARC = YES;
				CLANG_WARN_BOOL_CONVERSION = YES;
				CLANG_WARN_CONSTANT_CONVERSION = YES;
				CLANG_WARN_DIRECT_OBJC_ISA_USAGE = YES_ERROR;
				CLANG_WARN_EMPTY_BODY = YES;
				CLANG_WARN_ENUM_CONVERSION = YES;
				CLANG_WARN_INT_CONVERSION = YES;
				CLANG_WARN_OBJC_ROOT_CLASS = YES_ERROR;
				CLANG_WARN_UNREACHABLE_CODE = YES;
				CLANG_WARN__DUPLICATE_METHOD_MATCH = YES;
				CODE_SIGN_IDENTITY = "iPhone Developer";
				DEBUG_INFORMATION_FORMAT = dwarf;
				ENABLE_STRICT_OBJC_MSGSEND = YES;
				ENABLE_TESTABILITY = YES;
				GCC_C_LANGUAGE_STANDARD = gnu99;
				GCC_DYNAMIC_NO_PIC = NO;
				GCC_NO_COMMON_BLOCKS = YES;
				GCC_PREPROCESSOR_DEFINITIONS = (
					"DEBUG=1",
					"$(inherited)",
				);
				GCC_WARN_64_TO_32_BIT_CONVERSION = YES;
				GCC_WARN_ABOUT_RETURN_TYPE = YES_ERROR;
				GCC_WARN_UNDECLARED_SELECTOR = YES;
				GCC_WARN_UNINITIALIZED_AUTOS = YES_AGGRESSIVE;
				GCC_WARN_UNUSED_FUNCTION = YES;
				GCC_WARN_UNUSED_VARIABLE = YES;
				IPHONEOS_DEPLOYMENT_TARGET = 8.3;
				MTL_ENABLE_DEBUG_INFO = YES;
				ONLY_ACTIVE_ARCH = YES;
				SDKROOT = iphoneos;
				SWIFT_OPTIMIZATION_LEVEL = "-Onone";
			};
			name = Debug;
		};
		03581CA81BAED21900D5D95F /* Release */ = {
			isa = XCBuildConfiguration;
			buildSettings = {
				ALWAYS_SEARCH_USER_PATHS = NO;
				CLANG_CXX_LANGUAGE_STANDARD = "gnu++0x";
				CLANG_CXX_LIBRARY = "libc++";
				CLANG_ENABLE_MODULES = YES;
				CLANG_ENABLE_OBJC_ARC = YES;
				CLANG_WARN_BOOL_CONVERSION = YES;
				CLANG_WARN_CONSTANT_CONVERSION = YES;
				CLANG_WARN_DIRECT_OBJC_ISA_USAGE = YES_ERROR;
				CLANG_WARN_EMPTY_BODY = YES;
				CLANG_WARN_ENUM_CONVERSION = YES;
				CLANG_WARN_INT_CONVERSION = YES;
				CLANG_WARN_OBJC_ROOT_CLASS = YES_ERROR;
				CLANG_WARN_UNREACHABLE_CODE = YES;
				CLANG_WARN__DUPLICATE_METHOD_MATCH = YES;
				CODE_SIGN_IDENTITY = "iPhone Distribution";
				DEBUG_INFORMATION_FORMAT = "dwarf-with-dsym";
				ENABLE_NS_ASSERTIONS = NO;
				ENABLE_STRICT_OBJC_MSGSEND = YES;
				GCC_C_LANGUAGE_STANDARD = gnu99;
				GCC_NO_COMMON_BLOCKS = YES;
				GCC_WARN_64_TO_32_BIT_CONVERSION = YES;
				GCC_WARN_ABOUT_RETURN_TYPE = YES_ERROR;
				GCC_WARN_UNDECLARED_SELECTOR = YES;
				GCC_WARN_UNINITIALIZED_AUTOS = YES_AGGRESSIVE;
				GCC_WARN_UNUSED_FUNCTION = YES;
				GCC_WARN_UNUSED_VARIABLE = YES;
				IPHONEOS_DEPLOYMENT_TARGET = 8.3;
				MTL_ENABLE_DEBUG_INFO = NO;
				SDKROOT = iphoneos;
				VALIDATE_PRODUCT = YES;
			};
			name = Release;
		};
		03581CAA1BAED21900D5D95F /* Debug */ = {
			isa = XCBuildConfiguration;
			baseConfigurationReference = D15C100F23E060F4D8BC33FE /* Pods-mauth.debug.xcconfig */;
			buildSettings = {
				ASSETCATALOG_COMPILER_APPICON_NAME = AppIcon;
				INFOPLIST_FILE = mauth/Info/Info.plist;
				LD_RUNPATH_SEARCH_PATHS = "$(inherited) @executable_path/Frameworks";
				PRODUCT_BUNDLE_IDENTIFIER = com.emfo.mauth;
				PRODUCT_NAME = "$(TARGET_NAME)";
				TARGETED_DEVICE_FAMILY = "1,2";
			};
			name = Debug;
		};
		03581CAB1BAED21900D5D95F /* Release */ = {
			isa = XCBuildConfiguration;
			baseConfigurationReference = 7B3F97580535A1685EA261D0 /* Pods-mauth.release.xcconfig */;
			buildSettings = {
				ASSETCATALOG_COMPILER_APPICON_NAME = AppIcon;
				INFOPLIST_FILE = mauth/Info/Info.plist;
				LD_RUNPATH_SEARCH_PATHS = "$(inherited) @executable_path/Frameworks";
				PRODUCT_BUNDLE_IDENTIFIER = com.emfo.mauth;
				PRODUCT_NAME = "$(TARGET_NAME)";
				TARGETED_DEVICE_FAMILY = "1,2";
			};
			name = Release;
		};
		03C1CAA61C942EC3006C2549 /* Debug */ = {
			isa = XCBuildConfiguration;
			baseConfigurationReference = D15C100F23E060F4D8BC33FE /* Pods-mauth.debug.xcconfig */;
			buildSettings = {
				"CODE_SIGN_IDENTITY[sdk=iphoneos*]" = "iPhone Developer";
				COPY_PHASE_STRIP = NO;
				GCC_OPTIMIZATION_LEVEL = 0;
				INFOPLIST_FILE = mauthUITests/Info.plist;
				IPHONEOS_DEPLOYMENT_TARGET = 9.2;
				LD_RUNPATH_SEARCH_PATHS = "$(inherited) @executable_path/Frameworks @loader_path/Frameworks";
				PRODUCT_BUNDLE_IDENTIFIER = com.m4rr.mauthUITests;
				PRODUCT_NAME = "$(TARGET_NAME)";
				TEST_TARGET_NAME = mauth;
				USES_XCTRUNNER = YES;
			};
			name = Debug;
		};
		03C1CAA71C942EC3006C2549 /* Release */ = {
			isa = XCBuildConfiguration;
			baseConfigurationReference = 7B3F97580535A1685EA261D0 /* Pods-mauth.release.xcconfig */;
			buildSettings = {
				"CODE_SIGN_IDENTITY[sdk=iphoneos*]" = "iPhone Developer";
				COPY_PHASE_STRIP = NO;
				INFOPLIST_FILE = mauthUITests/Info.plist;
				IPHONEOS_DEPLOYMENT_TARGET = 9.2;
				LD_RUNPATH_SEARCH_PATHS = "$(inherited) @executable_path/Frameworks @loader_path/Frameworks";
				PRODUCT_BUNDLE_IDENTIFIER = com.m4rr.mauthUITests;
				PRODUCT_NAME = "$(TARGET_NAME)";
				TEST_TARGET_NAME = mauth;
				USES_XCTRUNNER = YES;
			};
			name = Release;
		};
/* End XCBuildConfiguration section */

/* Begin XCConfigurationList section */
		030B85F91C941A260071F48C /* Build configuration list for PBXNativeTarget "mauthTests" */ = {
			isa = XCConfigurationList;
			buildConfigurations = (
				030B85F71C941A260071F48C /* Debug */,
				030B85F81C941A260071F48C /* Release */,
			);
			defaultConfigurationIsVisible = 0;
			defaultConfigurationName = Release;
		};
		03581C7C1BAED21800D5D95F /* Build configuration list for PBXProject "mauth" */ = {
			isa = XCConfigurationList;
			buildConfigurations = (
				03581CA71BAED21900D5D95F /* Debug */,
				03581CA81BAED21900D5D95F /* Release */,
			);
			defaultConfigurationIsVisible = 0;
			defaultConfigurationName = Release;
		};
		03581CA91BAED21900D5D95F /* Build configuration list for PBXNativeTarget "mauth" */ = {
			isa = XCConfigurationList;
			buildConfigurations = (
				03581CAA1BAED21900D5D95F /* Debug */,
				03581CAB1BAED21900D5D95F /* Release */,
			);
			defaultConfigurationIsVisible = 0;
			defaultConfigurationName = Release;
		};
		03C1CAA81C942EC3006C2549 /* Build configuration list for PBXNativeTarget "mauthUITests" */ = {
			isa = XCConfigurationList;
			buildConfigurations = (
				03C1CAA61C942EC3006C2549 /* Debug */,
				03C1CAA71C942EC3006C2549 /* Release */,
			);
			defaultConfigurationIsVisible = 0;
			defaultConfigurationName = Release;
		};
/* End XCConfigurationList section */
	};
	rootObject = 03581C791BAED21800D5D95F /* Project object */;
}
