PODS:
  - Alamofire (3.4.1)
  - Kanna (1.0.6)
  - PKHUD (3.1.0)
  - PureLayout (3.0.2)

DEPENDENCIES:
  - Alamofire
  - Kanna
  - PKHUD
  - PureLayout

SPEC CHECKSUMS:
  Alamofire: 01a82e2f6c0f860ade35534c8dd88be61bdef40c
  Kanna: 9f30945bbd293a609f698ea164687ccc0990ff60
  PKHUD: 4167eccdb1b3a892fd80ce2b51cb6ba412a889ab
  PureLayout: 4d550abe49a94f24c2808b9b95db9131685fe4cd

PODFILE CHECKSUM: 9499e40404dba6fac5c29c7f1635dc573233ae3d

COCOAPODS: 1.0.1
